
Microsoft Visual Studio Solution File, Format Version 12.00
# Visual Studio Version 17
VisualStudioVersion = 17.0.31903.59
MinimumVisualStudioVersion = 10.0.40219.1
Project("{2150E333-8FDC-42A3-9474-1A3956D46DE8}") = "src", "src", "{827E0CD3-B72D-47B6-A68D-7590B98EB39B}"
EndProject
Project("{FAE04EC0-301F-11D3-BF4B-00C04F79EFBC}") = "Snake.Core", "src\Snake.Core\Snake.Core.csproj", "{8B4F0C68-327A-46F2-A38C-90CD74C55DE1}"
EndProject
Project("{FAE04EC0-301F-11D3-BF4B-00C04F79EFBC}") = "Snake.Wpf", "src\Snake.Wpf\Snake.Wpf.csproj", "{0C2C9D7E-4BEB-48F2-84D1-687390184113}"
EndProject
Project("{2150E333-8FDC-42A3-9474-1A3956D46DE8}") = "Snake.AI", "Snake.AI", "{E63F7943-B2C0-9DDB-AEA6-168218C01473}"
EndProject
Project("{FAE04EC0-301F-11D3-BF4B-00C04F79EFBC}") = "SnakeAI", "src\Snake.AI\SnakeAI.csproj", "{265100B4-DE77-444D-86F1-2213B50CAA96}"
EndProject
Project("{FAE04EC0-301F-11D3-BF4B-00C04F79EFBC}") = "Snake.Training", "src\Snake.Training\Snake.Training.csproj", "{B7097FFD-C447-4318-80E1-582794F565F3}"
EndProject
Global
	GlobalSection(SolutionConfigurationPlatforms) = preSolution
		Debug|Any CPU = Debug|Any CPU
		Debug|x64 = Debug|x64
		Debug|x86 = Debug|x86
		Release|Any CPU = Release|Any CPU
		Release|x64 = Release|x64
		Release|x86 = Release|x86
	EndGlobalSection
	GlobalSection(ProjectConfigurationPlatforms) = postSolution
		{8B4F0C68-327A-46F2-A38C-90CD74C55DE1}.Debug|Any CPU.ActiveCfg = Debug|Any CPU
		{8B4F0C68-327A-46F2-A38C-90CD74C55DE1}.Debug|Any CPU.Build.0 = Debug|Any CPU
		{8B4F0C68-327A-46F2-A38C-90CD74C55DE1}.Debug|x64.ActiveCfg = Debug|Any CPU
		{8B4F0C68-327A-46F2-A38C-90CD74C55DE1}.Debug|x64.Build.0 = Debug|Any CPU
		{8B4F0C68-327A-46F2-A38C-90CD74C55DE1}.Debug|x86.ActiveCfg = Debug|Any CPU
		{8B4F0C68-327A-46F2-A38C-90CD74C55DE1}.Debug|x86.Build.0 = Debug|Any CPU
		{8B4F0C68-327A-46F2-A38C-90CD74C55DE1}.Release|Any CPU.ActiveCfg = Release|Any CPU
		{8B4F0C68-327A-46F2-A38C-90CD74C55DE1}.Release|Any CPU.Build.0 = Release|Any CPU
		{8B4F0C68-327A-46F2-A38C-90CD74C55DE1}.Release|x64.ActiveCfg = Release|Any CPU
		{8B4F0C68-327A-46F2-A38C-90CD74C55DE1}.Release|x64.Build.0 = Release|Any CPU
		{8B4F0C68-327A-46F2-A38C-90CD74C55DE1}.Release|x86.ActiveCfg = Release|Any CPU
		{8B4F0C68-327A-46F2-A38C-90CD74C55DE1}.Release|x86.Build.0 = Release|Any CPU
		{0C2C9D7E-4BEB-48F2-84D1-687390184113}.Debug|Any CPU.ActiveCfg = Debug|Any CPU
		{0C2C9D7E-4BEB-48F2-84D1-687390184113}.Debug|Any CPU.Build.0 = Debug|Any CPU
		{0C2C9D7E-4BEB-48F2-84D1-687390184113}.Debug|x64.ActiveCfg = Debug|Any CPU
		{0C2C9D7E-4BEB-48F2-84D1-687390184113}.Debug|x64.Build.0 = Debug|Any CPU
		{0C2C9D7E-4BEB-48F2-84D1-687390184113}.Debug|x86.ActiveCfg = Debug|Any CPU
		{0C2C9D7E-4BEB-48F2-84D1-687390184113}.Debug|x86.Build.0 = Debug|Any CPU
		{0C2C9D7E-4BEB-48F2-84D1-687390184113}.Release|Any CPU.ActiveCfg = Release|Any CPU
		{0C2C9D7E-4BEB-48F2-84D1-687390184113}.Release|Any CPU.Build.0 = Release|Any CPU
		{0C2C9D7E-4BEB-48F2-84D1-687390184113}.Release|x64.ActiveCfg = Release|Any CPU
		{0C2C9D7E-4BEB-48F2-84D1-687390184113}.Release|x64.Build.0 = Release|Any CPU
		{0C2C9D7E-4BEB-48F2-84D1-687390184113}.Release|x86.ActiveCfg = Release|Any CPU
		{0C2C9D7E-4BEB-48F2-84D1-687390184113}.Release|x86.Build.0 = Release|Any CPU
		{265100B4-DE77-444D-86F1-2213B50CAA96}.Debug|Any CPU.ActiveCfg = Debug|Any CPU
		{265100B4-DE77-444D-86F1-2213B50CAA96}.Debug|Any CPU.Build.0 = Debug|Any CPU
		{265100B4-DE77-444D-86F1-2213B50CAA96}.Debug|x64.ActiveCfg = Debug|Any CPU
		{265100B4-DE77-444D-86F1-2213B50CAA96}.Debug|x64.Build.0 = Debug|Any CPU
		{265100B4-DE77-444D-86F1-2213B50CAA96}.Debug|x86.ActiveCfg = Debug|Any CPU
		{265100B4-DE77-444D-86F1-2213B50CAA96}.Debug|x86.Build.0 = Debug|Any CPU
		{265100B4-DE77-444D-86F1-2213B50CAA96}.Release|Any CPU.ActiveCfg = Release|Any CPU
		{265100B4-DE77-444D-86F1-2213B50CAA96}.Release|Any CPU.Build.0 = Release|Any CPU
		{265100B4-DE77-444D-86F1-2213B50CAA96}.Release|x64.ActiveCfg = Release|Any CPU
		{265100B4-DE77-444D-86F1-2213B50CAA96}.Release|x64.Build.0 = Release|Any CPU
		{265100B4-DE77-444D-86F1-2213B50CAA96}.Release|x86.ActiveCfg = Release|Any CPU
		{265100B4-DE77-444D-86F1-2213B50CAA96}.Release|x86.Build.0 = Release|Any CPU
		{B7097FFD-C447-4318-80E1-582794F565F3}.Debug|Any CPU.ActiveCfg = Debug|Any CPU
		{B7097FFD-C447-4318-80E1-582794F565F3}.Debug|Any CPU.Build.0 = Debug|Any CPU
		{B7097FFD-C447-4318-80E1-582794F565F3}.Debug|x64.ActiveCfg = Debug|Any CPU
		{B7097FFD-C447-4318-80E1-582794F565F3}.Debug|x64.Build.0 = Debug|Any CPU
		{B7097FFD-C447-4318-80E1-582794F565F3}.Debug|x86.ActiveCfg = Debug|Any CPU
		{B7097FFD-C447-4318-80E1-582794F565F3}.Debug|x86.Build.0 = Debug|Any CPU
		{B7097FFD-C447-4318-80E1-582794F565F3}.Release|Any CPU.ActiveCfg = Release|Any CPU
		{B7097FFD-C447-4318-80E1-582794F565F3}.Release|Any CPU.Build.0 = Release|Any CPU
		{B7097FFD-C447-4318-80E1-582794F565F3}.Release|x64.ActiveCfg = Release|Any CPU
		{B7097FFD-C447-4318-80E1-582794F565F3}.Release|x64.Build.0 = Release|Any CPU
		{B7097FFD-C447-4318-80E1-582794F565F3}.Release|x86.ActiveCfg = Release|Any CPU
		{B7097FFD-C447-4318-80E1-582794F565F3}.Release|x86.Build.0 = Release|Any CPU
	EndGlobalSection
	GlobalSection(SolutionProperties) = preSolution
		HideSolutionNode = FALSE
	EndGlobalSection
	GlobalSection(NestedProjects) = preSolution
		{8B4F0C68-327A-46F2-A38C-90CD74C55DE1} = {827E0CD3-B72D-47B6-A68D-7590B98EB39B}
		{0C2C9D7E-4BEB-48F2-84D1-687390184113} = {827E0CD3-B72D-47B6-A68D-7590B98EB39B}
		{E63F7943-B2C0-9DDB-AEA6-168218C01473} = {827E0CD3-B72D-47B6-A68D-7590B98EB39B}
		{265100B4-DE77-444D-86F1-2213B50CAA96} = {E63F7943-B2C0-9DDB-AEA6-168218C01473}
		{B7097FFD-C447-4318-80E1-582794F565F3} = {827E0CD3-B72D-47B6-A68D-7590B98EB39B}
	EndGlobalSection
EndGlobal
